
Microsoft Visual Studio Solution File, Format Version 12.00
# Visual Studio Version 16
VisualStudioVersion = 16.0.29519.87
MinimumVisualStudioVersion = 10.0.40219.1
Project("{FAE04EC0-301F-11D3-BF4B-00C04F79EFBC}") = "RegularExpresionMatching", "RegularExpresionMatching\RegularExpresionMatching.csproj", "{1043B4BB-4EB8-48F9-B57E-286CD0D82C36}"
EndProject
Global
	GlobalSection(SolutionConfigurationPlatforms) = preSolution
		Debug|Any CPU = Debug|Any CPU
		Release|Any CPU = Release|Any CPU
	EndGlobalSection
	GlobalSection(ProjectConfigurationPlatforms) = postSolution
		{1043B4BB-4EB8-48F9-B57E-286CD0D82C36}.Debug|Any CPU.ActiveCfg = Debug|Any CPU
		{1043B4BB-4EB8-48F9-B57E-286CD0D82C36}.Debug|Any CPU.Build.0 = Debug|Any CPU
		{1043B4BB-4EB8-48F9-B57E-286CD0D82C36}.Release|Any CPU.ActiveCfg = Release|Any CPU
		{1043B4BB-4EB8-48F9-B57E-286CD0D82C36}.Release|Any CPU.Build.0 = Release|Any CPU
	EndGlobalSection
	GlobalSection(SolutionProperties) = preSolution
		HideSolutionNode = FALSE
	EndGlobalSection
	GlobalSection(ExtensibilityGlobals) = postSolution
		SolutionGuid = {14C6F589-E7F8-4FD0-BFDA-F84B0895FB72}
	EndGlobalSection
EndGlobal
