
Microsoft Visual Studio Solution File, Format Version 12.00
# Visual Studio Version 16
VisualStudioVersion = 16.0.29519.87
MinimumVisualStudioVersion = 10.0.40219.1
Project("{FAE04EC0-301F-11D3-BF4B-00C04F79EFBC}") = "PhoneLetterCombination", "PhoneLetterCombination\PhoneLetterCombination.csproj", "{97199945-1764-4D67-AEDD-BCCBF6AFAAB0}"
EndProject
Global
	GlobalSection(SolutionConfigurationPlatforms) = preSolution
		Debug|Any CPU = Debug|Any CPU
		Release|Any CPU = Release|Any CPU
	EndGlobalSection
	GlobalSection(ProjectConfigurationPlatforms) = postSolution
		{97199945-1764-4D67-AEDD-BCCBF6AFAAB0}.Debug|Any CPU.ActiveCfg = Debug|Any CPU
		{97199945-1764-4D67-AEDD-BCCBF6AFAAB0}.Debug|Any CPU.Build.0 = Debug|Any CPU
		{97199945-1764-4D67-AEDD-BCCBF6AFAAB0}.Release|Any CPU.ActiveCfg = Release|Any CPU
		{97199945-1764-4D67-AEDD-BCCBF6AFAAB0}.Release|Any CPU.Build.0 = Release|Any CPU
	EndGlobalSection
	GlobalSection(SolutionProperties) = preSolution
		HideSolutionNode = FALSE
	EndGlobalSection
	GlobalSection(ExtensibilityGlobals) = postSolution
		SolutionGuid = {11358B1A-5E94-43F0-B432-10D67FBB9CEE}
	EndGlobalSection
EndGlobal
