
Microsoft Visual Studio Solution File, Format Version 12.00
# Visual Studio Version 16
VisualStudioVersion = 16.0.29411.108
MinimumVisualStudioVersion = 10.0.40219.1
Project("{FAE04EC0-301F-11D3-BF4B-00C04F79EFBC}") = "LongestPalingdromeSubstring", "LongestPalingdromeSubstring\LongestPalingdromeSubstring.csproj", "{8A545E13-4DD0-45EC-A813-2E9E2E654B90}"
EndProject
Global
	GlobalSection(SolutionConfigurationPlatforms) = preSolution
		Debug|Any CPU = Debug|Any CPU
		Release|Any CPU = Release|Any CPU
	EndGlobalSection
	GlobalSection(ProjectConfigurationPlatforms) = postSolution
		{8A545E13-4DD0-45EC-A813-2E9E2E654B90}.Debug|Any CPU.ActiveCfg = Debug|Any CPU
		{8A545E13-4DD0-45EC-A813-2E9E2E654B90}.Debug|Any CPU.Build.0 = Debug|Any CPU
		{8A545E13-4DD0-45EC-A813-2E9E2E654B90}.Release|Any CPU.ActiveCfg = Release|Any CPU
		{8A545E13-4DD0-45EC-A813-2E9E2E654B90}.Release|Any CPU.Build.0 = Release|Any CPU
	EndGlobalSection
	GlobalSection(SolutionProperties) = preSolution
		HideSolutionNode = FALSE
	EndGlobalSection
	GlobalSection(ExtensibilityGlobals) = postSolution
		SolutionGuid = {B841CC8D-D8D1-4BC8-AD4F-3D47ECA7C3D0}
	EndGlobalSection
EndGlobal
